
Microsoft Visual Studio Solution File, Format Version 11.00
# Visual Studio 2010
Project("{FAE04EC0-301F-11D3-BF4B-00C04F79EFBC}") = "DistribuidoraQuilmes", "DistribuidoraQuilmes\DistribuidoraQuilmes.csproj", "{8F12DA3F-CBC8-4D3A-A8C2-F51D46C0F13C}"
EndProject
Global
	GlobalSection(SolutionConfigurationPlatforms) = preSolution
		Debug|x86 = Debug|x86
		Release|x86 = Release|x86
	EndGlobalSection
	GlobalSection(ProjectConfigurationPlatforms) = postSolution
		{8F12DA3F-CBC8-4D3A-A8C2-F51D46C0F13C}.Debug|x86.ActiveCfg = Debug|x86
		{8F12DA3F-CBC8-4D3A-A8C2-F51D46C0F13C}.Debug|x86.Build.0 = Debug|x86
		{8F12DA3F-CBC8-4D3A-A8C2-F51D46C0F13C}.Release|x86.ActiveCfg = Release|x86
		{8F12DA3F-CBC8-4D3A-A8C2-F51D46C0F13C}.Release|x86.Build.0 = Release|x86
	EndGlobalSection
	GlobalSection(SolutionProperties) = preSolution
		HideSolutionNode = FALSE
	EndGlobalSection
EndGlobal
